// !$*UTF8*$!
{
	archiveVersion = 1;
	classes = {
	};
	objectVersion = 56;
	objects = {

/* Begin PBXBuildFile section */
		94E5C8712AE6FB57001E558E /* metaPriceApp.swift in Sources */ = {isa = PBXBuildFile; fileRef = 94E5C8702AE6FB57001E558E /* metaPriceApp.swift */; };
		94E5C8732AE6FB57001E558E /* ContentView.swift in Sources */ = {isa = PBXBuildFile; fileRef = 94E5C8722AE6FB57001E558E /* ContentView.swift */; };
		94E5C8752AE6FB57001E558E /* Assets.xcassets in Resources */ = {isa = PBXBuildFile; fileRef = 94E5C8742AE6FB57001E558E /* Assets.xcassets */; };
		94E5C8792AE6FB57001E558E /* Preview Assets.xcassets in Resources */ = {isa = PBXBuildFile; fileRef = 94E5C8782AE6FB57001E558E /* Preview Assets.xcassets */; };
		94E5C8832AE6FB57001E558E /* metaPriceTests.swift in Sources */ = {isa = PBXBuildFile; fileRef = 94E5C8822AE6FB57001E558E /* metaPriceTests.swift */; };
		94E5C88D2AE6FB58001E558E /* metaPriceUITests.swift in Sources */ = {isa = PBXBuildFile; fileRef = 94E5C88C2AE6FB58001E558E /* metaPriceUITests.swift */; };
		94E5C88F2AE6FB58001E558E /* metaPriceUITestsLaunchTests.swift in Sources */ = {isa = PBXBuildFile; fileRef = 94E5C88E2AE6FB58001E558E /* metaPriceUITestsLaunchTests.swift */; };
/* End PBXBuildFile section */

/* Begin PBXContainerItemProxy section */
		94E5C87F2AE6FB57001E558E /* PBXContainerItemProxy */ = {
			isa = PBXContainerItemProxy;
			containerPortal = 94E5C8652AE6FB57001E558E /* Project object */;
			proxyType = 1;
			remoteGlobalIDString = 94E5C86C2AE6FB57001E558E;
			remoteInfo = metaPrice;
		};
		94E5C8892AE6FB58001E558E /* PBXContainerItemProxy */ = {
			isa = PBXContainerItemProxy;
			containerPortal = 94E5C8652AE6FB57001E558E /* Project object */;
			proxyType = 1;
			remoteGlobalIDString = 94E5C86C2AE6FB57001E558E;
			remoteInfo = metaPrice;
		};
/* End PBXContainerItemProxy section */

/* Begin PBXFileReference section */
		94E5C86D2AE6FB57001E558E /* metaPrice.app */ = {isa = PBXFileReference; explicitFileType = wrapper.application; includeInIndex = 0; path = metaPrice.app; sourceTree = BUILT_PRODUCTS_DIR; };
		94E5C8702AE6FB57001E558E /* metaPriceApp.swift */ = {isa = PBXFileReference; lastKnownFileType = sourcecode.swift; path = metaPriceApp.swift; sourceTree = "<group>"; };
		94E5C8722AE6FB57001E558E /* ContentView.swift */ = {isa = PBXFileReference; lastKnownFileType = sourcecode.swift; path = ContentView.swift; sourceTree = "<group>"; };
		94E5C8742AE6FB57001E558E /* Assets.xcassets */ = {isa = PBXFileReference; lastKnownFileType = folder.assetcatalog; path = Assets.xcassets; sourceTree = "<group>"; };
		94E5C8762AE6FB57001E558E /* metaPrice.entitlements */ = {isa = PBXFileReference; lastKnownFileType = text.plist.entitlements; path = metaPrice.entitlements; sourceTree = "<group>"; };
		94E5C8782AE6FB57001E558E /* Preview Assets.xcassets */ = {isa = PBXFileReference; lastKnownFileType = folder.assetcatalog; path = "Preview Assets.xcassets"; sourceTree = "<group>"; };
		94E5C87E2AE6FB57001E558E /* metaPriceTests.xctest */ = {isa = PBXFileReference; explicitFileType = wrapper.cfbundle; includeInIndex = 0; path = metaPriceTests.xctest; sourceTree = BUILT_PRODUCTS_DIR; };
		94E5C8822AE6FB57001E558E /* metaPriceTests.swift */ = {isa = PBXFileReference; lastKnownFileType = sourcecode.swift; path = metaPriceTests.swift; sourceTree = "<group>"; };
		94E5C8882AE6FB58001E558E /* metaPriceUITests.xctest */ = {isa = PBXFileReference; explicitFileType = wrapper.cfbundle; includeInIndex = 0; path = metaPriceUITests.xctest; sourceTree = BUILT_PRODUCTS_DIR; };
		94E5C88C2AE6FB58001E558E /* metaPriceUITests.swift */ = {isa = PBXFileReference; lastKnownFileType = sourcecode.swift; path = metaPriceUITests.swift; sourceTree = "<group>"; };
		94E5C88E2AE6FB58001E558E /* metaPriceUITestsLaunchTests.swift */ = {isa = PBXFileReference; lastKnownFileType = sourcecode.swift; path = metaPriceUITestsLaunchTests.swift; sourceTree = "<group>"; };
/* End PBXFileReference section */

/* Begin PBXFrameworksBuildPhase section */
		94E5C86A2AE6FB57001E558E /* Frameworks */ = {
			isa = PBXFrameworksBuildPhase;
			buildActionMask = 2147483647;
			files = (
			);
			runOnlyForDeploymentPostprocessing = 0;
		};
		94E5C87B2AE6FB57001E558E /* Frameworks */ = {
			isa = PBXFrameworksBuildPhase;
			buildActionMask = 2147483647;
			files = (
			);
			runOnlyForDeploymentPostprocessing = 0;
		};
		94E5C8852AE6FB58001E558E /* Frameworks */ = {
			isa = PBXFrameworksBuildPhase;
			buildActionMask = 2147483647;
			files = (
			);
			runOnlyForDeploymentPostprocessing = 0;
		};
/* End PBXFrameworksBuildPhase section */

/* Begin PBXGroup section */
		94E5C8642AE6FB57001E558E = {
			isa = PBXGroup;
			children = (
				94E5C86F2AE6FB57001E558E /* metaPrice */,
				94E5C8812AE6FB57001E558E /* metaPriceTests */,
				94E5C88B2AE6FB58001E558E /* metaPriceUITests */,
				94E5C86E2AE6FB57001E558E /* Products */,
			);
			sourceTree = "<group>";
		};
		94E5C86E2AE6FB57001E558E /* Products */ = {
			isa = PBXGroup;
			children = (
				94E5C86D2AE6FB57001E558E /* metaPrice.app */,
				94E5C87E2AE6FB57001E558E /* metaPriceTests.xctest */,
				94E5C8882AE6FB58001E558E /* metaPriceUITests.xctest */,
			);
			name = Products;
			sourceTree = "<group>";
		};
		94E5C86F2AE6FB57001E558E /* metaPrice */ = {
			isa = PBXGroup;
			children = (
				94E5C89C2AE6FBC6001E558E /* New Group */,
				94E5C89B2AE6FBBC001E558E /* Preview */,
				94E5C8702AE6FB57001E558E /* metaPriceApp.swift */,
				94E5C8722AE6FB57001E558E /* ContentView.swift */,
				94E5C8742AE6FB57001E558E /* Assets.xcassets */,
				94E5C8762AE6FB57001E558E /* metaPrice.entitlements */,
				94E5C8772AE6FB57001E558E /* Preview Content */,
			);
			path = metaPrice;
			sourceTree = "<group>";
		};
		94E5C8772AE6FB57001E558E /* Preview Content */ = {
			isa = PBXGroup;
			children = (
				94E5C8782AE6FB57001E558E /* Preview Assets.xcassets */,
			);
			path = "Preview Content";
			sourceTree = "<group>";
		};
		94E5C8812AE6FB57001E558E /* metaPriceTests */ = {
			isa = PBXGroup;
			children = (
				94E5C8822AE6FB57001E558E /* metaPriceTests.swift */,
			);
			path = metaPriceTests;
			sourceTree = "<group>";
		};
		94E5C88B2AE6FB58001E558E /* metaPriceUITests */ = {
			isa = PBXGroup;
			children = (
				94E5C88C2AE6FB58001E558E /* metaPriceUITests.swift */,
				94E5C88E2AE6FB58001E558E /* metaPriceUITestsLaunchTests.swift */,
			);
			path = metaPriceUITests;
			sourceTree = "<group>";
		};
		94E5C89B2AE6FBBC001E558E /* Preview */ = {
			isa = PBXGroup;
			children = (
			);
			path = Preview;
			sourceTree = "<group>";
		};
		94E5C89C2AE6FBC6001E558E /* New Group */ = {
			isa = PBXGroup;
			children = (
			);
			path = "New Group";
			sourceTree = "<group>";
		};
/* End PBXGroup section */

/* Begin PBXNativeTarget section */
		94E5C86C2AE6FB57001E558E /* metaPrice */ = {
			isa = PBXNativeTarget;
			buildConfigurationList = 94E5C8922AE6FB58001E558E /* Build configuration list for PBXNativeTarget "metaPrice" */;
			buildPhases = (
				94E5C8692AE6FB57001E558E /* Sources */,
				94E5C86A2AE6FB57001E558E /* Frameworks */,
				94E5C86B2AE6FB57001E558E /* Resources */,
			);
			buildRules = (
			);
			dependencies = (
			);
			name = metaPrice;
			productName = metaPrice;
			productReference = 94E5C86D2AE6FB57001E558E /* metaPrice.app */;
			productType = "com.apple.product-type.application";
		};
		94E5C87D2AE6FB57001E558E /* metaPriceTests */ = {
			isa = PBXNativeTarget;
			buildConfigurationList = 94E5C8952AE6FB58001E558E /* Build configuration list for PBXNativeTarget "metaPriceTests" */;
			buildPhases = (
				94E5C87A2AE6FB57001E558E /* Sources */,
				94E5C87B2AE6FB57001E558E /* Frameworks */,
				94E5C87C2AE6FB57001E558E /* Resources */,
			);
			buildRules = (
			);
			dependencies = (
				94E5C8802AE6FB57001E558E /* PBXTargetDependency */,
			);
			name = metaPriceTests;
			productName = metaPriceTests;
			productReference = 94E5C87E2AE6FB57001E558E /* metaPriceTests.xctest */;
			productType = "com.apple.product-type.bundle.unit-test";
		};
		94E5C8872AE6FB58001E558E /* metaPriceUITests */ = {
			isa = PBXNativeTarget;
			buildConfigurationList = 94E5C8982AE6FB58001E558E /* Build configuration list for PBXNativeTarget "metaPriceUITests" */;
			buildPhases = (
				94E5C8842AE6FB58001E558E /* Sources */,
				94E5C8852AE6FB58001E558E /* Frameworks */,
				94E5C8862AE6FB58001E558E /* Resources */,
			);
			buildRules = (
			);
			dependencies = (
				94E5C88A2AE6FB58001E558E /* PBXTargetDependency */,
			);
			name = metaPriceUITests;
			productName = metaPriceUITests;
			productReference = 94E5C8882AE6FB58001E558E /* metaPriceUITests.xctest */;
			productType = "com.apple.product-type.bundle.ui-testing";
		};
/* End PBXNativeTarget section */

/* Begin PBXProject section */
		94E5C8652AE6FB57001E558E /* Project object */ = {
			isa = PBXProject;
			attributes = {
				BuildIndependentTargetsInParallel = 1;
				LastSwiftUpdateCheck = 1430;
				LastUpgradeCheck = 1430;
				TargetAttributes = {
					94E5C86C2AE6FB57001E558E = {
						CreatedOnToolsVersion = 14.3.1;
					};
					94E5C87D2AE6FB57001E558E = {
						CreatedOnToolsVersion = 14.3.1;
						TestTargetID = 94E5C86C2AE6FB57001E558E;
					};
					94E5C8872AE6FB58001E558E = {
						CreatedOnToolsVersion = 14.3.1;
						TestTargetID = 94E5C86C2AE6FB57001E558E;
					};
				};
			};
			buildConfigurationList = 94E5C8682AE6FB57001E558E /* Build configuration list for PBXProject "metaPrice" */;
			compatibilityVersion = "Xcode 14.0";
			developmentRegion = en;
			hasScannedForEncodings = 0;
			knownRegions = (
				en,
				Base,
			);
			mainGroup = 94E5C8642AE6FB57001E558E;
			productRefGroup = 94E5C86E2AE6FB57001E558E /* Products */;
			projectDirPath = "";
			projectRoot = "";
			targets = (
				94E5C86C2AE6FB57001E558E /* metaPrice */,
				94E5C87D2AE6FB57001E558E /* metaPriceTests */,
				94E5C8872AE6FB58001E558E /* metaPriceUITests */,
			);
		};
/* End PBXProject section */

/* Begin PBXResourcesBuildPhase section */
		94E5C86B2AE6FB57001E558E /* Resources */ = {
			isa = PBXResourcesBuildPhase;
			buildActionMask = 2147483647;
			files = (
				94E5C8792AE6FB57001E558E /* Preview Assets.xcassets in Resources */,
				94E5C8752AE6FB57001E558E /* Assets.xcassets in Resources */,
			);
			runOnlyForDeploymentPostprocessing = 0;
		};
		94E5C87C2AE6FB57001E558E /* Resources */ = {
			isa = PBXResourcesBuildPhase;
			buildActionMask = 2147483647;
			files = (
			);
			runOnlyForDeploymentPostprocessing = 0;
		};
		94E5C8862AE6FB58001E558E /* Resources */ = {
			isa = PBXResourcesBuildPhase;
			buildActionMask = 2147483647;
			files = (
			);
			runOnlyForDeploymentPostprocessing = 0;
		};
/* End PBXResourcesBuildPhase section */

/* Begin PBXSourcesBuildPhase section */
		94E5C8692AE6FB57001E558E /* Sources */ = {
			isa = PBXSourcesBuildPhase;
			buildActionMask = 2147483647;
			files = (
				94E5C8732AE6FB57001E558E /* ContentView.swift in Sources */,
				94E5C8712AE6FB57001E558E /* metaPriceApp.swift in Sources */,
			);
			runOnlyForDeploymentPostprocessing = 0;
		};
		94E5C87A2AE6FB57001E558E /* Sources */ = {
			isa = PBXSourcesBuildPhase;
			buildActionMask = 2147483647;
			files = (
				94E5C8832AE6FB57001E558E /* metaPriceTests.swift in Sources */,
			);
			runOnlyForDeploymentPostprocessing = 0;
		};
		94E5C8842AE6FB58001E558E /* Sources */ = {
			isa = PBXSourcesBuildPhase;
			buildActionMask = 2147483647;
			files = (
				94E5C88D2AE6FB58001E558E /* metaPriceUITests.swift in Sources */,
				94E5C88F2AE6FB58001E558E /* metaPriceUITestsLaunchTests.swift in Sources */,
			);
			runOnlyForDeploymentPostprocessing = 0;
		};
/* End PBXSourcesBuildPhase section */

/* Begin PBXTargetDependency section */
		94E5C8802AE6FB57001E558E /* PBXTargetDependency */ = {
			isa = PBXTargetDependency;
			target = 94E5C86C2AE6FB57001E558E /* metaPrice */;
			targetProxy = 94E5C87F2AE6FB57001E558E /* PBXContainerItemProxy */;
		};
		94E5C88A2AE6FB58001E558E /* PBXTargetDependency */ = {
			isa = PBXTargetDependency;
			target = 94E5C86C2AE6FB57001E558E /* metaPrice */;
			targetProxy = 94E5C8892AE6FB58001E558E /* PBXContainerItemProxy */;
		};
/* End PBXTargetDependency section */

/* Begin XCBuildConfiguration section */
		94E5C8902AE6FB58001E558E /* Debug */ = {
			isa = XCBuildConfiguration;
			buildSettings = {
				ALWAYS_SEARCH_USER_PATHS = NO;
				CLANG_ANALYZER_NONNULL = YES;
				CLANG_ANALYZER_NUMBER_OBJECT_CONVERSION = YES_AGGRESSIVE;
				CLANG_CXX_LANGUAGE_STANDARD = "gnu++20";
				CLANG_ENABLE_MODULES = YES;
				CLANG_ENABLE_OBJC_ARC = YES;
				CLANG_ENABLE_OBJC_WEAK = YES;
				CLANG_WARN_BLOCK_CAPTURE_AUTORELEASING = YES;
				CLANG_WARN_BOOL_CONVERSION = YES;
				CLANG_WARN_COMMA = YES;
				CLANG_WARN_CONSTANT_CONVERSION = YES;
				CLANG_WARN_DEPRECATED_OBJC_IMPLEMENTATIONS = YES;
				CLANG_WARN_DIRECT_OBJC_ISA_USAGE = YES_ERROR;
				CLANG_WARN_DOCUMENTATION_COMMENTS = YES;
				CLANG_WARN_EMPTY_BODY = YES;
				CLANG_WARN_ENUM_CONVERSION = YES;
				CLANG_WARN_INFINITE_RECURSION = YES;
				CLANG_WARN_INT_CONVERSION = YES;
				CLANG_WARN_NON_LITERAL_NULL_CONVERSION = YES;
				CLANG_WARN_OBJC_IMPLICIT_RETAIN_SELF = YES;
				CLANG_WARN_OBJC_LITERAL_CONVERSION = YES;
				CLANG_WARN_OBJC_ROOT_CLASS = YES_ERROR;
				CLANG_WARN_QUOTED_INCLUDE_IN_FRAMEWORK_HEADER = YES;
				CLANG_WARN_RANGE_LOOP_ANALYSIS = YES;
				CLANG_WARN_STRICT_PROTOTYPES = YES;
				CLANG_WARN_SUSPICIOUS_MOVE = YES;
				CLANG_WARN_UNGUARDED_AVAILABILITY = YES_AGGRESSIVE;
				CLANG_WARN_UNREACHABLE_CODE = YES;
				CLANG_WARN__DUPLICATE_METHOD_MATCH = YES;
				COPY_PHASE_STRIP = NO;
				DEBUG_INFORMATION_FORMAT = dwarf;
				ENABLE_STRICT_OBJC_MSGSEND = YES;
				ENABLE_TESTABILITY = YES;
				GCC_C_LANGUAGE_STANDARD = gnu11;
				GCC_DYNAMIC_NO_PIC = NO;
				GCC_NO_COMMON_BLOCKS = YES;
				GCC_OPTIMIZATION_LEVEL = 0;
				GCC_PREPROCESSOR_DEFINITIONS = (
					"DEBUG=1",
					"$(inherited)",
				);
				GCC_WARN_64_TO_32_BIT_CONVERSION = YES;
				GCC_WARN_ABOUT_RETURN_TYPE = YES_ERROR;
				GCC_WARN_UNDECLARED_SELECTOR = YES;
				GCC_WARN_UNINITIALIZED_AUTOS = YES_AGGRESSIVE;
				GCC_WARN_UNUSED_FUNCTION = YES;
				GCC_WARN_UNUSED_VARIABLE = YES;
				MTL_ENABLE_DEBUG_INFO = INCLUDE_SOURCE;
				MTL_FAST_MATH = YES;
				ONLY_ACTIVE_ARCH = YES;
				SWIFT_ACTIVE_COMPILATION_CONDITIONS = DEBUG;
				SWIFT_OPTIMIZATION_LEVEL = "-Onone";
			};
			name = Debug;
		};
		94E5C8912AE6FB58001E558E /* Release */ = {
			isa = XCBuildConfiguration;
			buildSettings = {
				ALWAYS_SEARCH_USER_PATHS = NO;
				CLANG_ANALYZER_NONNULL = YES;
				CLANG_ANALYZER_NUMBER_OBJECT_CONVERSION = YES_AGGRESSIVE;
				CLANG_CXX_LANGUAGE_STANDARD = "gnu++20";
				CLANG_ENABLE_MODULES = YES;
				CLANG_ENABLE_OBJC_ARC = YES;
				CLANG_ENABLE_OBJC_WEAK = YES;
				CLANG_WARN_BLOCK_CAPTURE_AUTORELEASING = YES;
				CLANG_WARN_BOOL_CONVERSION = YES;
				CLANG_WARN_COMMA = YES;
				CLANG_WARN_CONSTANT_CONVERSION = YES;
				CLANG_WARN_DEPRECATED_OBJC_IMPLEMENTATIONS = YES;
				CLANG_WARN_DIRECT_OBJC_ISA_USAGE = YES_ERROR;
				CLANG_WARN_DOCUMENTATION_COMMENTS = YES;
				CLANG_WARN_EMPTY_BODY = YES;
				CLANG_WARN_ENUM_CONVERSION = YES;
				CLANG_WARN_INFINITE_RECURSION = YES;
				CLANG_WARN_INT_CONVERSION = YES;
				CLANG_WARN_NON_LITERAL_NULL_CONVERSION = YES;
				CLANG_WARN_OBJC_IMPLICIT_RETAIN_SELF = YES;
				CLANG_WARN_OBJC_LITERAL_CONVERSION = YES;
				CLANG_WARN_OBJC_ROOT_CLASS = YES_ERROR;
				CLANG_WARN_QUOTED_INCLUDE_IN_FRAMEWORK_HEADER = YES;
				CLANG_WARN_RANGE_LOOP_ANALYSIS = YES;
				CLANG_WARN_STRICT_PROTOTYPES = YES;
				CLANG_WARN_SUSPICIOUS_MOVE = YES;
				CLANG_WARN_UNGUARDED_AVAILABILITY = YES_AGGRESSIVE;
				CLANG_WARN_UNREACHABLE_CODE = YES;
				CLANG_WARN__DUPLICATE_METHOD_MATCH = YES;
				COPY_PHASE_STRIP = NO;
				DEBUG_INFORMATION_FORMAT = "dwarf-with-dsym";
				ENABLE_NS_ASSERTIONS = NO;
				ENABLE_STRICT_OBJC_MSGSEND = YES;
				GCC_C_LANGUAGE_STANDARD = gnu11;
				GCC_NO_COMMON_BLOCKS = YES;
				GCC_WARN_64_TO_32_BIT_CONVERSION = YES;
				GCC_WARN_ABOUT_RETURN_TYPE = YES_ERROR;
				GCC_WARN_UNDECLARED_SELECTOR = YES;
				GCC_WARN_UNINITIALIZED_AUTOS = YES_AGGRESSIVE;
				GCC_WARN_UNUSED_FUNCTION = YES;
				GCC_WARN_UNUSED_VARIABLE = YES;
				MTL_ENABLE_DEBUG_INFO = NO;
				MTL_FAST_MATH = YES;
				SWIFT_COMPILATION_MODE = wholemodule;
				SWIFT_OPTIMIZATION_LEVEL = "-O";
			};
			name = Release;
		};
		94E5C8932AE6FB58001E558E /* Debug */ = {
			isa = XCBuildConfiguration;
			buildSettings = {
				ASSETCATALOG_COMPILER_APPICON_NAME = AppIcon;
				ASSETCATALOG_COMPILER_GLOBAL_ACCENT_COLOR_NAME = AccentColor;
				CODE_SIGN_ENTITLEMENTS = metaPrice/metaPrice.entitlements;
				CODE_SIGN_STYLE = Automatic;
				CURRENT_PROJECT_VERSION = 1;
				DEVELOPMENT_ASSET_PATHS = "\"metaPrice/Preview Content\"";
				DEVELOPMENT_TEAM = DY69TQ5DW9;
				ENABLE_HARDENED_RUNTIME = YES;
				ENABLE_PREVIEWS = YES;
				GENERATE_INFOPLIST_FILE = YES;
				"INFOPLIST_KEY_UIApplicationSceneManifest_Generation[sdk=iphoneos*]" = YES;
				"INFOPLIST_KEY_UIApplicationSceneManifest_Generation[sdk=iphonesimulator*]" = YES;
				"INFOPLIST_KEY_UIApplicationSupportsIndirectInputEvents[sdk=iphoneos*]" = YES;
				"INFOPLIST_KEY_UIApplicationSupportsIndirectInputEvents[sdk=iphonesimulator*]" = YES;
				"INFOPLIST_KEY_UILaunchScreen_Generation[sdk=iphoneos*]" = YES;
				"INFOPLIST_KEY_UILaunchScreen_Generation[sdk=iphonesimulator*]" = YES;
				"INFOPLIST_KEY_UIStatusBarStyle[sdk=iphoneos*]" = UIStatusBarStyleDefault;
				"INFOPLIST_KEY_UIStatusBarStyle[sdk=iphonesimulator*]" = UIStatusBarStyleDefault;
				INFOPLIST_KEY_UISupportedInterfaceOrientations_iPad = "UIInterfaceOrientationPortrait UIInterfaceOrientationPortraitUpsideDown UIInterfaceOrientationLandscapeLeft UIInterfaceOrientationLandscapeRight";
				INFOPLIST_KEY_UISupportedInterfaceOrientations_iPhone = "UIInterfaceOrientationPortrait UIInterfaceOrientationLandscapeLeft UIInterfaceOrientationLandscapeRight";
				IPHONEOS_DEPLOYMENT_TARGET = 16.4;
				LD_RUNPATH_SEARCH_PATHS = "@executable_path/Frameworks";
				"LD_RUNPATH_SEARCH_PATHS[sdk=macosx*]" = "@executable_path/../Frameworks";
				MACOSX_DEPLOYMENT_TARGET = 13.3;
				MARKETING_VERSION = 1.0;
				PRODUCT_BUNDLE_IDENTIFIER = tulay.metaPrice;
				PRODUCT_NAME = "$(TARGET_NAME)";
				SDKROOT = auto;
				SUPPORTED_PLATFORMS = "iphoneos iphonesimulator macosx";
				SWIFT_EMIT_LOC_STRINGS = YES;
				SWIFT_VERSION = 5.0;
				TARGETED_DEVICE_FAMILY = "1,2";
			};
			name = Debug;
		};
		94E5C8942AE6FB58001E558E /* Release */ = {
			isa = XCBuildConfiguration;
			buildSettings = {
				ASSETCATALOG_COMPILER_APPICON_NAME = AppIcon;
				ASSETCATALOG_COMPILER_GLOBAL_ACCENT_COLOR_NAME = AccentColor;
				CODE_SIGN_ENTITLEMENTS = metaPrice/metaPrice.entitlements;
				CODE_SIGN_STYLE = Automatic;
				CURRENT_PROJECT_VERSION = 1;
				DEVELOPMENT_ASSET_PATHS = "\"metaPrice/Preview Content\"";
				DEVELOPMENT_TEAM = DY69TQ5DW9;
				ENABLE_HARDENED_RUNTIME = YES;
				ENABLE_PREVIEWS = YES;
				GENERATE_INFOPLIST_FILE = YES;
				"INFOPLIST_KEY_UIApplicationSceneManifest_Generation[sdk=iphoneos*]" = YES;
				"INFOPLIST_KEY_UIApplicationSceneManifest_Generation[sdk=iphonesimulator*]" = YES;
				"INFOPLIST_KEY_UIApplicationSupportsIndirectInputEvents[sdk=iphoneos*]" = YES;
				"INFOPLIST_KEY_UIApplicationSupportsIndirectInputEvents[sdk=iphonesimulator*]" = YES;
				"INFOPLIST_KEY_UILaunchScreen_Generation[sdk=iphoneos*]" = YES;
				"INFOPLIST_KEY_UILaunchScreen_Generation[sdk=iphonesimulator*]" = YES;
				"INFOPLIST_KEY_UIStatusBarStyle[sdk=iphoneos*]" = UIStatusBarStyleDefault;
				"INFOPLIST_KEY_UIStatusBarStyle[sdk=iphonesimulator*]" = UIStatusBarStyleDefault;
				INFOPLIST_KEY_UISupportedInterfaceOrientations_iPad = "UIInterfaceOrientationPortrait UIInterfaceOrientationPortraitUpsideDown UIInterfaceOrientationLandscapeLeft UIInterfaceOrientationLandscapeRight";
				INFOPLIST_KEY_UISupportedInterfaceOrientations_iPhone = "UIInterfaceOrientationPortrait UIInterfaceOrientationLandscapeLeft UIInterfaceOrientationLandscapeRight";
				IPHONEOS_DEPLOYMENT_TARGET = 16.4;
				LD_RUNPATH_SEARCH_PATHS = "@executable_path/Frameworks";
				"LD_RUNPATH_SEARCH_PATHS[sdk=macosx*]" = "@executable_path/../Frameworks";
				MACOSX_DEPLOYMENT_TARGET = 13.3;
				MARKETING_VERSION = 1.0;
				PRODUCT_BUNDLE_IDENTIFIER = tulay.metaPrice;
				PRODUCT_NAME = "$(TARGET_NAME)";
				SDKROOT = auto;
				SUPPORTED_PLATFORMS = "iphoneos iphonesimulator macosx";
				SWIFT_EMIT_LOC_STRINGS = YES;
				SWIFT_VERSION = 5.0;
				TARGETED_DEVICE_FAMILY = "1,2";
			};
			name = Release;
		};
		94E5C8962AE6FB58001E558E /* Debug */ = {
			isa = XCBuildConfiguration;
			buildSettings = {
				ALWAYS_EMBED_SWIFT_STANDARD_LIBRARIES = YES;
				BUNDLE_LOADER = "$(TEST_HOST)";
				CODE_SIGN_STYLE = Automatic;
				CURRENT_PROJECT_VERSION = 1;
				DEVELOPMENT_TEAM = DY69TQ5DW9;
				GENERATE_INFOPLIST_FILE = YES;
				IPHONEOS_DEPLOYMENT_TARGET = 16.4;
				MACOSX_DEPLOYMENT_TARGET = 13.3;
				MARKETING_VERSION = 1.0;
				PRODUCT_BUNDLE_IDENTIFIER = tulay.metaPriceTests;
				PRODUCT_NAME = "$(TARGET_NAME)";
				SDKROOT = auto;
				SUPPORTED_PLATFORMS = "iphoneos iphonesimulator macosx";
				SWIFT_EMIT_LOC_STRINGS = NO;
				SWIFT_VERSION = 5.0;
				TARGETED_DEVICE_FAMILY = "1,2";
				TEST_HOST = "$(BUILT_PRODUCTS_DIR)/metaPrice.app/$(BUNDLE_EXECUTABLE_FOLDER_PATH)/metaPrice";
			};
			name = Debug;
		};
		94E5C8972AE6FB58001E558E /* Release */ = {
			isa = XCBuildConfiguration;
			buildSettings = {
				ALWAYS_EMBED_SWIFT_STANDARD_LIBRARIES = YES;
				BUNDLE_LOADER = "$(TEST_HOST)";
				CODE_SIGN_STYLE = Automatic;
				CURRENT_PROJECT_VERSION = 1;
				DEVELOPMENT_TEAM = DY69TQ5DW9;
				GENERATE_INFOPLIST_FILE = YES;
				IPHONEOS_DEPLOYMENT_TARGET = 16.4;
				MACOSX_DEPLOYMENT_TARGET = 13.3;
				MARKETING_VERSION = 1.0;
				PRODUCT_BUNDLE_IDENTIFIER = tulay.metaPriceTests;
				PRODUCT_NAME = "$(TARGET_NAME)";
				SDKROOT = auto;
				SUPPORTED_PLATFORMS = "iphoneos iphonesimulator macosx";
				SWIFT_EMIT_LOC_STRINGS = NO;
				SWIFT_VERSION = 5.0;
				TARGETED_DEVICE_FAMILY = "1,2";
				TEST_HOST = "$(BUILT_PRODUCTS_DIR)/metaPrice.app/$(BUNDLE_EXECUTABLE_FOLDER_PATH)/metaPrice";
			};
			name = Release;
		};
		94E5C8992AE6FB58001E558E /* Debug */ = {
			isa = XCBuildConfiguration;
			buildSettings = {
				ALWAYS_EMBED_SWIFT_STANDARD_LIBRARIES = YES;
				CODE_SIGN_STYLE = Automatic;
				CURRENT_PROJECT_VERSION = 1;
				DEVELOPMENT_TEAM = DY69TQ5DW9;
				GENERATE_INFOPLIST_FILE = YES;
				IPHONEOS_DEPLOYMENT_TARGET = 16.4;
				MACOSX_DEPLOYMENT_TARGET = 13.3;
				MARKETING_VERSION = 1.0;
				PRODUCT_BUNDLE_IDENTIFIER = tulay.metaPriceUITests;
				PRODUCT_NAME = "$(TARGET_NAME)";
				SDKROOT = auto;
				SUPPORTED_PLATFORMS = "iphoneos iphonesimulator macosx";
				SWIFT_EMIT_LOC_STRINGS = NO;
				SWIFT_VERSION = 5.0;
				TARGETED_DEVICE_FAMILY = "1,2";
				TEST_TARGET_NAME = metaPrice;
			};
			name = Debug;
		};
		94E5C89A2AE6FB58001E558E /* Release */ = {
			isa = XCBuildConfiguration;
			buildSettings = {
				ALWAYS_EMBED_SWIFT_STANDARD_LIBRARIES = YES;
				CODE_SIGN_STYLE = Automatic;
				CURRENT_PROJECT_VERSION = 1;
				DEVELOPMENT_TEAM = DY69TQ5DW9;
				GENERATE_INFOPLIST_FILE = YES;
				IPHONEOS_DEPLOYMENT_TARGET = 16.4;
				MACOSX_DEPLOYMENT_TARGET = 13.3;
				MARKETING_VERSION = 1.0;
				PRODUCT_BUNDLE_IDENTIFIER = tulay.metaPriceUITests;
				PRODUCT_NAME = "$(TARGET_NAME)";
				SDKROOT = auto;
				SUPPORTED_PLATFORMS = "iphoneos iphonesimulator macosx";
				SWIFT_EMIT_LOC_STRINGS = NO;
				SWIFT_VERSION = 5.0;
				TARGETED_DEVICE_FAMILY = "1,2";
				TEST_TARGET_NAME = metaPrice;
			};
			name = Release;
		};
/* End XCBuildConfiguration section */

/* Begin XCConfigurationList section */
		94E5C8682AE6FB57001E558E /* Build configuration list for PBXProject "metaPrice" */ = {
			isa = XCConfigurationList;
			buildConfigurations = (
				94E5C8902AE6FB58001E558E /* Debug */,
				94E5C8912AE6FB58001E558E /* Release */,
			);
			defaultConfigurationIsVisible = 0;
			defaultConfigurationName = Release;
		};
		94E5C8922AE6FB58001E558E /* Build configuration list for PBXNativeTarget "metaPrice" */ = {
			isa = XCConfigurationList;
			buildConfigurations = (
				94E5C8932AE6FB58001E558E /* Debug */,
				94E5C8942AE6FB58001E558E /* Release */,
			);
			defaultConfigurationIsVisible = 0;
			defaultConfigurationName = Release;
		};
		94E5C8952AE6FB58001E558E /* Build configuration list for PBXNativeTarget "metaPriceTests" */ = {
			isa = XCConfigurationList;
			buildConfigurations = (
				94E5C8962AE6FB58001E558E /* Debug */,
				94E5C8972AE6FB58001E558E /* Release */,
			);
			defaultConfigurationIsVisible = 0;
			defaultConfigurationName = Release;
		};
		94E5C8982AE6FB58001E558E /* Build configuration list for PBXNativeTarget "metaPriceUITests" */ = {
			isa = XCConfigurationList;
			buildConfigurations = (
				94E5C8992AE6FB58001E558E /* Debug */,
				94E5C89A2AE6FB58001E558E /* Release */,
			);
			defaultConfigurationIsVisible = 0;
			defaultConfigurationName = Release;
		};
/* End XCConfigurationList section */
	};
	rootObject = 94E5C8652AE6FB57001E558E /* Project object */;
}
